
Microsoft Visual Studio Solution File, Format Version 12.00
# Visual Studio Version 17
VisualStudioVersion = 17.14.36121.58 d17.14
MinimumVisualStudioVersion = 10.0.40219.1
Project("{54A90642-561A-4BB1-A94E-469ADEE60C69}") = "localisationsheet.client", "localisationsheet.client\localisationsheet.client.esproj", "{F2DC349A-653F-2BDC-404B-8981ADB164D5}"
EndProject
Project("{FAE04EC0-301F-11D3-BF4B-00C04F79EFBC}") = "LocalisationSheet.Server", "LocalisationSheet.Server\LocalisationSheet.Server.csproj", "{D59A79A6-4AD2-4972-8A21-76F81F2C59A1}"
EndProject
Project("{FAE04EC0-301F-11D3-BF4B-00C04F79EFBC}") = "Tests.Unit", "Tests.Unit\Tests.Unit.csproj", "{7E3A798D-14CE-44EB-9FC3-84C8B0D4EF52}"
EndProject
Global
	GlobalSection(SolutionConfigurationPlatforms) = preSolution
		Debug|Any CPU = Debug|Any CPU
		Release|Any CPU = Release|Any CPU
	EndGlobalSection
	GlobalSection(ProjectConfigurationPlatforms) = postSolution
		{F2DC349A-653F-2BDC-404B-8981ADB164D5}.Debug|Any CPU.ActiveCfg = Debug|Any CPU
		{F2DC349A-653F-2BDC-404B-8981ADB164D5}.Debug|Any CPU.Build.0 = Debug|Any CPU
		{F2DC349A-653F-2BDC-404B-8981ADB164D5}.Debug|Any CPU.Deploy.0 = Debug|Any CPU
		{F2DC349A-653F-2BDC-404B-8981ADB164D5}.Release|Any CPU.ActiveCfg = Release|Any CPU
		{F2DC349A-653F-2BDC-404B-8981ADB164D5}.Release|Any CPU.Build.0 = Release|Any CPU
		{F2DC349A-653F-2BDC-404B-8981ADB164D5}.Release|Any CPU.Deploy.0 = Release|Any CPU
		{D59A79A6-4AD2-4972-8A21-76F81F2C59A1}.Debug|Any CPU.ActiveCfg = Debug|Any CPU
		{D59A79A6-4AD2-4972-8A21-76F81F2C59A1}.Debug|Any CPU.Build.0 = Debug|Any CPU
		{D59A79A6-4AD2-4972-8A21-76F81F2C59A1}.Release|Any CPU.ActiveCfg = Release|Any CPU
		{D59A79A6-4AD2-4972-8A21-76F81F2C59A1}.Release|Any CPU.Build.0 = Release|Any CPU
		{7E3A798D-14CE-44EB-9FC3-84C8B0D4EF52}.Debug|Any CPU.ActiveCfg = Debug|Any CPU
		{7E3A798D-14CE-44EB-9FC3-84C8B0D4EF52}.Debug|Any CPU.Build.0 = Debug|Any CPU
		{7E3A798D-14CE-44EB-9FC3-84C8B0D4EF52}.Release|Any CPU.ActiveCfg = Release|Any CPU
		{7E3A798D-14CE-44EB-9FC3-84C8B0D4EF52}.Release|Any CPU.Build.0 = Release|Any CPU
	EndGlobalSection
	GlobalSection(SolutionProperties) = preSolution
		HideSolutionNode = FALSE
	EndGlobalSection
	GlobalSection(ExtensibilityGlobals) = postSolution
		SolutionGuid = {9D664692-D058-4216-91FC-FBD0E33427FA}
	EndGlobalSection
EndGlobal
